
Microsoft Visual Studio Solution File, Format Version 12.00
# Visual Studio Version 16
VisualStudioVersion = 16.0.30011.22
MinimumVisualStudioVersion = 10.0.40219.1
Project("{FAE04EC0-301F-11D3-BF4B-00C04F79EFBC}") = "SimplePrj", "SimplePrj.csproj", "{B307783F-9F93-4B76-83F0-1212EDCDF136}"
EndProject
Global
	GlobalSection(SolutionConfigurationPlatforms) = preSolution
		Debug|Any CPU = Debug|Any CPU
		Release|Any CPU = Release|Any CPU
	EndGlobalSection
	GlobalSection(ProjectConfigurationPlatforms) = postSolution
		{B307783F-9F93-4B76-83F0-1212EDCDF136}.Debug|Any CPU.ActiveCfg = Debug|Any CPU
		{B307783F-9F93-4B76-83F0-1212EDCDF136}.Debug|Any CPU.Build.0 = Debug|Any CPU
		{B307783F-9F93-4B76-83F0-1212EDCDF136}.Release|Any CPU.ActiveCfg = Release|Any CPU
		{B307783F-9F93-4B76-83F0-1212EDCDF136}.Release|Any CPU.Build.0 = Release|Any CPU
	EndGlobalSection
	GlobalSection(SolutionProperties) = preSolution
		HideSolutionNode = FALSE
	EndGlobalSection
	GlobalSection(ExtensibilityGlobals) = postSolution
		SolutionGuid = {D32E5DE4-FB72-4D48-B996-43F528149F61}
	EndGlobalSection
EndGlobal
